# This file is generated by running "yarn install" inside your project.
# Manual changes might be lost - proceed with caution!

__metadata:
  version: 10
  cacheKey: 10c0

"@esbuild/aix-ppc64@npm:0.28.2":
  version: 0.28.2
  resolution: "@esbuild/aix-ppc64@npm:0.28.2"
  conditions: os=aix & cpu=ppc64
  languageName: node
  linkType: hard

"@esbuild/android-arm64@npm:0.28.2":
  version: 0.28.2
  resolution: "@esbuild/android-arm64@npm:0.28.2"
  conditions: os=android & cpu=arm64
  languageName: node
  linkType: hard

"@esbuild/android-arm@npm:0.28.2":
  version: 0.28.2
  resolution: "@esbuild/android-arm@npm:0.28.2"
  conditions: os=android & cpu=arm
  languageName: node
  linkType: hard

"@esbuild/android-x64@npm:0.28.2":
  version: 0.28.2
  resolution: "@esbuild/android-x64@npm:0.28.2"
  conditions: os=android & cpu=x64
  languageName: node
  linkType: hard

"@esbuild/darwin-arm64@npm:0.28.2":
  version: 0.28.2
  resolution: "@esbuild/darwin-arm64@npm:0.28.2"
  conditions: os=darwin & cpu=arm64
  languageName: node
  linkType: hard

"@esbuild/darwin-x64@npm:0.28.2":
  version: 0.28.2
  resolution: "@esbuild/darwin-x64@npm:0.28.2"
  conditions: os=darwin & cpu=x64
  languageName: node
  linkType: hard

"@esbuild/freebsd-arm64@npm:0.28.2":
  version: 0.28.2
  resolution: "@esbuild/freebsd-arm64@npm:0.28.2"
  conditions: os=freebsd & cpu=arm64
  languageName: node
  linkType: hard

"@esbuild/freebsd-x64@npm:0.28.2":
  version: 0.28.2
  resolution: "@esbuild/freebsd-x64@npm:0.28.2"
  conditions: os=freebsd & cpu=x64
  languageName: node
  linkType: hard

"@esbuild/linux-arm64@npm:0.28.2":
  version: 0.28.2
  resolution: "@esbuild/linux-arm64@npm:0.28.2"
  conditions: os=linux & cpu=arm64
  languageName: node
  linkType: hard

"@esbuild/linux-arm@npm:0.28.2":
  version: 0.28.2
  resolution: "@esbuild/linux-arm@npm:0.28.2"
  conditions: os=linux & cpu=arm
  languageName: node
  linkType: hard

"@esbuild/linux-ia32@npm:0.28.2":
  version: 0.28.2
  resolution: "@esbuild/linux-ia32@npm:0.28.2"
  conditions: os=linux & cpu=ia32
  languageName: node
  linkType: hard

"@esbuild/linux-loong64@npm:0.28.2":
  version: 0.28.2
  resolution: "@esbuild/linux-loong64@npm:0.28.2"
  conditions: os=linux & cpu=loong64
  languageName: node
  linkType: hard

"@esbuild/linux-mips64el@npm:0.28.2":
  version: 0.28.2
  resolution: "@esbuild/linux-mips64el@npm:0.28.2"
  conditions: os=linux & cpu=mips64el
  languageName: node
  linkType: hard

"@esbuild/linux-ppc64@npm:0.28.2":
  version: 0.28.2
  resolution: "@esbuild/linux-ppc64@npm:0.28.2"
  conditions: os=linux & cpu=ppc64
  languageName: node
  linkType: hard

"@esbuild/linux-riscv64@npm:0.28.2":
  version: 0.28.2
  resolution: "@esbuild/linux-riscv64@npm:0.28.2"
  conditions: os=linux & cpu=riscv64
  languageName: node
  linkType: hard

"@esbuild/linux-s390x@npm:0.28.2":
  version: 0.28.2
  resolution: "@esbuild/linux-s390x@npm:0.28.2"
  conditions: os=linux & cpu=s390x
  languageName: node
  linkType: hard

"@esbuild/linux-x64@npm:0.28.2":
  version: 0.28.2
  resolution: "@esbuild/linux-x64@npm:0.28.2"
  conditions: os=linux & cpu=x64
  languageName: node
  linkType: hard

"@esbuild/netbsd-arm64@npm:0.28.2":
  version: 0.28.2
  resolution: "@esbuild/netbsd-arm64@npm:0.28.2"
  conditions: os=netbsd & cpu=arm64
  languageName: node
  linkType: hard

"@esbuild/netbsd-x64@npm:0.28.2":
  version: 0.28.2
  resolution: "@esbuild/netbsd-x64@npm:0.28.2"
  conditions: os=netbsd & cpu=x64
  languageName: node
  linkType: hard

"@esbuild/openbsd-arm64@npm:0.28.2":
  version: 0.28.2
  resolution: "@esbuild/openbsd-arm64@npm:0.28.2"
  conditions: os=openbsd & cpu=arm64
  languageName: node
  linkType: hard

"@esbuild/openbsd-x64@npm:0.28.2":
  version: 0.28.2
  resolution: "@esbuild/openbsd-x64@npm:0.28.2"
  conditions: os=openbsd & cpu=x64
  languageName: node
  linkType: hard

"@esbuild/openharmony-arm64@npm:0.28.2":
  version: 0.28.2
  resolution: "@esbuild/openharmony-arm64@npm:0.28.2"
  conditions: os=openharmony & cpu=arm64
  languageName: node
  linkType: hard

"@esbuild/sunos-x64@npm:0.28.2":
  version: 0.28.2
  resolution: "@esbuild/sunos-x64@npm:0.28.2"
  conditions: os=sunos & cpu=x64
  languageName: node
  linkType: hard

"@esbuild/win32-arm64@npm:0.28.2":
  version: 0.28.2
  resolution: "@esbuild/win32-arm64@npm:0.28.2"
  conditions: os=win32 & cpu=arm64
  languageName: node
  linkType: hard

"@esbuild/win32-ia32@npm:0.28.2":
  version: 0.28.2
  resolution: "@esbuild/win32-ia32@npm:0.28.2"
  conditions: os=win32 & cpu=ia32
  languageName: node
  linkType: hard

"@esbuild/win32-x64@npm:0.28.2":
  version: 0.28.2
  resolution: "@esbuild/win32-x64@npm:0.28.2"
  conditions: os=win32 & cpu=x64
  languageName: node
  linkType: hard

"@herb-tools/config@npm:0.10.4":
  version: 0.10.4
  resolution: "@herb-tools/config@npm:0.10.4"
  dependencies:
    "@herb-tools/core": "npm:0.10.4"
    picomatch: "npm:^4.0.5"
    tinyglobby: "npm:^0.2.16"
    yaml: "npm:^2.9.0"
  checksum: 10c0/199b1fc97d8590d7cf8584c34d6a5ff5220a9a952701c30b9ca8596ef9d3a34dc83e714a974783ff34073f10c226c277902e86b6af06e048b67881842e459aa7
  languageName: node
  linkType: hard

"@herb-tools/core@npm:0.10.4":
  version: 0.10.4
  resolution: "@herb-tools/core@npm:0.10.4"
  dependencies:
    "@ruby/prism": "npm:^1.9.0"
  checksum: 10c0/20d3ec4f0beb68ab368c480500707474e4fe90b1d9dd7c6a07f6c5c7d286dde043b8b2c111e16d9a8a0f7ae29cc7821983af2ef851a9707ad451fc6d52cca4ca
  languageName: node
  linkType: hard

"@herb-tools/highlighter@npm:0.10.4":
  version: 0.10.4
  resolution: "@herb-tools/highlighter@npm:0.10.4"
  dependencies:
    "@herb-tools/core": "npm:0.10.4"
    "@herb-tools/node-wasm": "npm:0.10.4"
  bin:
    herb-highlight: bin/herb-highlight
  checksum: 10c0/14bc1693f7ba9f07f563d2349c98168309f320ea1c74f7ef21ae7c1628d6f119cd6a9cbfe3825315333c48b2908609b71963392586e57eed7cd1b007ed9dfdf2
  languageName: node
  linkType: hard

"@herb-tools/linter@npm:0.10.4":
  version: 0.10.4
  resolution: "@herb-tools/linter@npm:0.10.4"
  dependencies:
    "@herb-tools/config": "npm:0.10.4"
    "@herb-tools/core": "npm:0.10.4"
    "@herb-tools/highlighter": "npm:0.10.4"
    "@herb-tools/node-wasm": "npm:0.10.4"
    "@herb-tools/printer": "npm:0.10.4"
    "@herb-tools/rewriter": "npm:0.10.4"
    "@ruby/prism": "npm:^1.9.0"
    picomatch: "npm:^4.0.5"
    tinyglobby: "npm:^0.2.15"
  bin:
    herb-lint: bin/herb-lint
  checksum: 10c0/0d0377f8a89195cd5dc559cec8aa3cce297d9ce12c3b4a474b63d2f8b179b867871035c543e42eb3ce7cb9028b4560ee55c6c2cfed5108995f98910a92785cc8
  languageName: node
  linkType: hard

"@herb-tools/node-wasm@npm:0.10.4":
  version: 0.10.4
  resolution: "@herb-tools/node-wasm@npm:0.10.4"
  dependencies:
    "@herb-tools/core": "npm:0.10.4"
    "@ruby/prism": "npm:^1.9.0"
  checksum: 10c0/4ce35158bcae287fe48dc210dadaaa8561e9c7fcdc4848062a8dd0c014a5dc3a14bdef014d394490716aeac499bd70a63ef57afaf9f804a6f79d24c9a5451ef5
  languageName: node
  linkType: hard

"@herb-tools/printer@npm:0.10.4":
  version: 0.10.4
  resolution: "@herb-tools/printer@npm:0.10.4"
  dependencies:
    "@herb-tools/core": "npm:0.10.4"
    tinyglobby: "npm:^0.2.15"
  bin:
    herb-print: bin/herb-print
  checksum: 10c0/7bec40525e7daf6afe941ad40184acec33458ea8588778f3ca2e7980c24f75fb4f578494aa871b9f1e5d74582a66c11ae6856dace1b286757a6bbb9d62f7e85c
  languageName: node
  linkType: hard

"@herb-tools/rewriter@npm:0.10.4":
  version: 0.10.4
  resolution: "@herb-tools/rewriter@npm:0.10.4"
  dependencies:
    "@herb-tools/core": "npm:0.10.4"
    "@herb-tools/tailwind-class-sorter": "npm:0.10.4"
    "@ruby/prism": "npm:^1.9.0"
    tinyglobby: "npm:^0.2.15"
  checksum: 10c0/6c955db7fd7834f90a1de5194c6b28b45f8da0b9f6ac6bab371890c3706ca6eddf5d38ed25bee379508b8da177ebe33fe895992b1abf8aec64ef59344dbd5984
  languageName: node
  linkType: hard

"@herb-tools/tailwind-class-sorter@npm:0.10.4":
  version: 0.10.4
  resolution: "@herb-tools/tailwind-class-sorter@npm:0.10.4"
  dependencies:
    clear-module: "npm:^4.1.3"
    escalade: "npm:^3.2.0"
    jiti: "npm:^2.7.0"
    postcss: "npm:^8.5.18"
    postcss-import: "npm:^16.1.1"
  peerDependencies:
    tailwindcss: ^3.0 || ^4.0
  checksum: 10c0/d7754e1a7cc21d94b6e418d2331ec82285ce12a5f4c739642e4887203a2faa6e0368492732c3d7ed5642c907bbf9c28af7c21a428a113d758cb50b49cecc1f6a
  languageName: node
  linkType: hard

"@hotwired/stimulus@npm:^3.2.2":
  version: 3.2.2
  resolution: "@hotwired/stimulus@npm:3.2.2"
  checksum: 10c0/3793919e353d28424f57d07e6b634bf6e8821c227acfa2a608aaa8bdfe7e80479acef12705168ca866f3c231399f4a939fb0cd089aaae04c406b3d885a3b35ea
  languageName: node
  linkType: hard

"@hotwired/turbo-rails@npm:^8.0.23":
  version: 8.0.23
  resolution: "@hotwired/turbo-rails@npm:8.0.23"
  dependencies:
    "@hotwired/turbo": "npm:^8.0.23"
    "@rails/actioncable": "npm:>=7.0"
  checksum: 10c0/58f46b787674029bc70e7a8efd734036214258805686384c8969d360320c33886c90c4da3c08abee3dc9c3ec2672e9c088d9205a2fe1f8b5fee230ce23cfb188
  languageName: node
  linkType: hard

"@hotwired/turbo@npm:^8.0.23":
  version: 8.0.23
  resolution: "@hotwired/turbo@npm:8.0.23"
  checksum: 10c0/600ba4ba7632e27c3ed9e80a2114715df94302d3d3b72b0a70efcd7c31477b377228a7fad629eeb2e4b2d778bf65571b176fc76a6bc5603dfc814810c0a815d6
  languageName: node
  linkType: hard

"@rails/actioncable@npm:>=7.0":
  version: 7.2.302
  resolution: "@rails/actioncable@npm:7.2.302"
  checksum: 10c0/c7e8efc2ed8af5991f26aa2f5056fb09f060f2ffcda4fbadd253c546a85e195d3e3d31506cfbe6b6d30ecbf3a82cbe536a569cd9eaf5cf3a0676fdcfb04dee6b
  languageName: node
  linkType: hard

"@ruby/prism@npm:^1.9.0":
  version: 1.9.0
  resolution: "@ruby/prism@npm:1.9.0"
  checksum: 10c0/c4c83ffff68bf5350a5ae221523a6995ded0ac8bfd46eab4437d0e0e1e9a2cfcb8f760cecb5019cdba9e95f6f9f3c0575c27f108cb9c86e2fa9efbcd8aa84a94
  languageName: node
  linkType: hard

"app@workspace:.":
  version: 0.0.0-use.local
  resolution: "app@workspace:."
  dependencies:
    "@herb-tools/linter": "npm:0.10.4"
    "@hotwired/stimulus": "npm:^3.2.2"
    "@hotwired/turbo-rails": "npm:^8.0.23"
    esbuild: "npm:^0.28.2"
  languageName: unknown
  linkType: soft

"callsites@npm:^3.1.0":
  version: 3.1.0
  resolution: "callsites@npm:3.1.0"
  checksum: 10c0/fff92277400eb06c3079f9e74f3af120db9f8ea03bad0e84d9aede54bbe2d44a56cccb5f6cf12211f93f52306df87077ecec5b712794c5a9b5dac6d615a3f301
  languageName: node
  linkType: hard

"clear-module@npm:^4.1.3":
  version: 4.1.3
  resolution: "clear-module@npm:4.1.3"
  dependencies:
    parent-module: "npm:^2.0.0"
    resolve-from: "npm:^5.0.0"
  checksum: 10c0/781213d730707fb5f7cbfd7a79142686ad18fb25a4308c671d9fe5cdf5020b5a9c3f979bf92f222d91594bc8e5d88bb4d1c1dbc2ffa413e32487b30ecb2b3bbf
  languageName: node
  linkType: hard

"es-errors@npm:^1.3.0":
  version: 1.3.0
  resolution: "es-errors@npm:1.3.0"
  checksum: 10c0/0a61325670072f98d8ae3b914edab3559b6caa980f08054a3b872052640d91da01d38df55df797fcc916389d77fc92b8d5906cf028f4db46d7e3003abecbca85
  languageName: node
  linkType: hard

"esbuild@npm:^0.28.2":
  version: 0.28.2
  resolution: "esbuild@npm:0.28.2"
  dependencies:
    "@esbuild/aix-ppc64": "npm:0.28.2"
    "@esbuild/android-arm": "npm:0.28.2"
    "@esbuild/android-arm64": "npm:0.28.2"
    "@esbuild/android-x64": "npm:0.28.2"
    "@esbuild/darwin-arm64": "npm:0.28.2"
    "@esbuild/darwin-x64": "npm:0.28.2"
    "@esbuild/freebsd-arm64": "npm:0.28.2"
    "@esbuild/freebsd-x64": "npm:0.28.2"
    "@esbuild/linux-arm": "npm:0.28.2"
    "@esbuild/linux-arm64": "npm:0.28.2"
    "@esbuild/linux-ia32": "npm:0.28.2"
    "@esbuild/linux-loong64": "npm:0.28.2"
    "@esbuild/linux-mips64el": "npm:0.28.2"
    "@esbuild/linux-ppc64": "npm:0.28.2"
    "@esbuild/linux-riscv64": "npm:0.28.2"
    "@esbuild/linux-s390x": "npm:0.28.2"
    "@esbuild/linux-x64": "npm:0.28.2"
    "@esbuild/netbsd-arm64": "npm:0.28.2"
    "@esbuild/netbsd-x64": "npm:0.28.2"
    "@esbuild/openbsd-arm64": "npm:0.28.2"
    "@esbuild/openbsd-x64": "npm:0.28.2"
    "@esbuild/openharmony-arm64": "npm:0.28.2"
    "@esbuild/sunos-x64": "npm:0.28.2"
    "@esbuild/win32-arm64": "npm:0.28.2"
    "@esbuild/win32-ia32": "npm:0.28.2"
    "@esbuild/win32-x64": "npm:0.28.2"
  dependenciesMeta:
    "@esbuild/aix-ppc64":
      optional: true
    "@esbuild/android-arm":
      optional: true
    "@esbuild/android-arm64":
      optional: true
    "@esbuild/android-x64":
      optional: true
    "@esbuild/darwin-arm64":
      optional: true
    "@esbuild/darwin-x64":
      optional: true
    "@esbuild/freebsd-arm64":
      optional: true
    "@esbuild/freebsd-x64":
      optional: true
    "@esbuild/linux-arm":
      optional: true
    "@esbuild/linux-arm64":
      optional: true
    "@esbuild/linux-ia32":
      optional: true
    "@esbuild/linux-loong64":
      optional: true
    "@esbuild/linux-mips64el":
      optional: true
    "@esbuild/linux-ppc64":
      optional: true
    "@esbuild/linux-riscv64":
      optional: true
    "@esbuild/linux-s390x":
      optional: true
    "@esbuild/linux-x64":
      optional: true
    "@esbuild/netbsd-arm64":
      optional: true
    "@esbuild/netbsd-x64":
      optional: true
    "@esbuild/openbsd-arm64":
      optional: true
    "@esbuild/openbsd-x64":
      optional: true
    "@esbuild/openharmony-arm64":
      optional: true
    "@esbuild/sunos-x64":
      optional: true
    "@esbuild/win32-arm64":
      optional: true
    "@esbuild/win32-ia32":
      optional: true
    "@esbuild/win32-x64":
      optional: true
  bin:
    esbuild: bin/esbuild
  checksum: 10c0/9b19edb63bd7780fd2e8e65a1394a0e8a05a17d697f73f0647ffe3c134709d8dbe744ab3fd57b35c9470db268cae7678fafd3dcd3ce1f34fc590568c2433f5d2
  languageName: node
  linkType: hard

"escalade@npm:^3.2.0":
  version: 3.2.0
  resolution: "escalade@npm:3.2.0"
  checksum: 10c0/ced4dd3a78e15897ed3be74e635110bbf3b08877b0a41be50dcb325ee0e0b5f65fc2d50e9845194d7c4633f327e2e1c6cce00a71b617c5673df0374201d67f65
  languageName: node
  linkType: hard

"fdir@npm:^6.5.0":
  version: 6.5.0
  resolution: "fdir@npm:6.5.0"
  peerDependencies:
    picomatch: ^3 || ^4
  peerDependenciesMeta:
    picomatch:
      optional: true
  checksum: 10c0/e345083c4306b3aed6cb8ec551e26c36bab5c511e99ea4576a16750ddc8d3240e63826cc624f5ae17ad4dc82e68a253213b60d556c11bfad064b7607847ed07f
  languageName: node
  linkType: hard

"function-bind@npm:^1.1.2":
  version: 1.1.2
  resolution: "function-bind@npm:1.1.2"
  checksum: 10c0/d8680ee1e5fcd4c197e4ac33b2b4dce03c71f4d91717292785703db200f5c21f977c568d28061226f9b5900cbcd2c84463646134fd5337e7925e0942bc3f46d5
  languageName: node
  linkType: hard

"hasown@npm:^2.0.3":
  version: 2.0.4
  resolution: "hasown@npm:2.0.4"
  dependencies:
    function-bind: "npm:^1.1.2"
  checksum: 10c0/2d8de939e270b70618f8cebb69746620db10617dbb495bc66ddad326955ea24d3ca4af133aff3eb7c1853e0218f867bc2b050ec26fe02e3aea58f880ffc5e506
  languageName: node
  linkType: hard

"is-core-module@npm:^2.16.1":
  version: 2.16.2
  resolution: "is-core-module@npm:2.16.2"
  dependencies:
    hasown: "npm:^2.0.3"
  checksum: 10c0/14b4258390283709c15476d023ec173e27458d5d014ccdb8ed39d576e551c3fa45498b7c9fe178f1529c4cb2648ddd58852a6a62107a019f6e349529f277518a
  languageName: node
  linkType: hard

"jiti@npm:^2.7.0":
  version: 2.7.0
  resolution: "jiti@npm:2.7.0"
  bin:
    jiti: lib/jiti-cli.mjs
  checksum: 10c0/1b1e2310a490dce1aeea3da5f5dfe18273516c20ce48be2e98eb8ea452d5f3dcc8fd0cfd6d28b4052a24c5dbab6e3089b2d7e79f0bce7915b10d750929563c42
  languageName: node
  linkType: hard

"nanoid@npm:^3.3.18":
  version: 3.3.19
  resolution: "nanoid@npm:3.3.19"
  bin:
    nanoid: bin/nanoid.cjs
  checksum: 10c0/ce7afa6258bfaa00bdc8de291cfe9913280eaa403b7d9cff3db4e4200c1913e7163577df74897958da144db473a96c67f74f57db0f542fbfe409df677bae3255
  languageName: node
  linkType: hard

"parent-module@npm:^2.0.0":
  version: 2.0.0
  resolution: "parent-module@npm:2.0.0"
  dependencies:
    callsites: "npm:^3.1.0"
  checksum: 10c0/e4c5e34102c709df1932e1065dee53764fbd869f5a673beb8c3b4bcbbd4a7be16e3595f8846b24f52a77b9e96d8d499e68736ec690b108e55d95a5315f41e073
  languageName: node
  linkType: hard

"path-parse@npm:^1.0.7":
  version: 1.0.7
  resolution: "path-parse@npm:1.0.7"
  checksum: 10c0/11ce261f9d294cc7a58d6a574b7f1b935842355ec66fba3c3fd79e0f036462eaf07d0aa95bb74ff432f9afef97ce1926c720988c6a7451d8a584930ae7de86e1
  languageName: node
  linkType: hard

"picocolors@npm:^1.1.1":
  version: 1.1.1
  resolution: "picocolors@npm:1.1.1"
  checksum: 10c0/e2e3e8170ab9d7c7421969adaa7e1b31434f789afb9b3f115f6b96d91945041ac3ceb02e9ec6fe6510ff036bcc0bf91e69a1772edc0b707e12b19c0f2d6bcf58
  languageName: node
  linkType: hard

"picomatch@npm:^4.0.4, picomatch@npm:^4.0.5":
  version: 4.0.7
  resolution: "picomatch@npm:4.0.7"
  checksum: 10c0/beb6ae02c43ae44e84883b90830196d9046b1726ead292adcf7f57945e0bb0d992d68563d87e03b484b6f3c9a5c6defda7523477f047d7f0e663f126cc01787f
  languageName: node
  linkType: hard

"postcss-import@npm:^16.1.1":
  version: 16.2.0
  resolution: "postcss-import@npm:16.2.0"
  dependencies:
    postcss-value-parser: "npm:^4.0.0"
    read-cache: "npm:^1.0.0"
    resolve: "npm:^1.1.7"
  peerDependencies:
    postcss: ^8.0.0
  checksum: 10c0/f7773cf3be4ea450e2e809b1bf3aeb0dfa113c81d2f51e50e49a471eab91855f1b142313ae0322a543d030bd01887189c4d66a23b33b0377b76613c4c05916bd
  languageName: node
  linkType: hard

"postcss-value-parser@npm:^4.0.0":
  version: 4.2.0
  resolution: "postcss-value-parser@npm:4.2.0"
  checksum: 10c0/f4142a4f56565f77c1831168e04e3effd9ffcc5aebaf0f538eee4b2d465adfd4b85a44257bb48418202a63806a7da7fe9f56c330aebb3cac898e46b4cbf49161
  languageName: node
  linkType: hard

"postcss@npm:^8.5.18":
  version: 8.5.28
  resolution: "postcss@npm:8.5.28"
  dependencies:
    nanoid: "npm:^3.3.18"
    picocolors: "npm:^1.1.1"
    source-map-js: "npm:^1.2.1"
  checksum: 10c0/9fe44215a6628d89c8a75184b92f5b2f77e16f9e5b13b39b9009bb7e8e6eccddf82c8854bae922db1f17ace6ef3445073fe38abff513caeb03e5285b1b55620a
  languageName: node
  linkType: hard

"read-cache@npm:^1.0.0":
  version: 1.0.2
  resolution: "read-cache@npm:1.0.2"
  checksum: 10c0/c1b3c8d2a492630ebb78c9fe9bb5c3af7444e374f9771895b7fd4de89a685f22228cea7aa1d6096ec61f7dd00b8910ab311f4b35fdd45b2163cb3aec69b23b45
  languageName: node
  linkType: hard

"resolve-from@npm:^5.0.0":
  version: 5.0.0
  resolution: "resolve-from@npm:5.0.0"
  checksum: 10c0/b21cb7f1fb746de8107b9febab60095187781137fd803e6a59a76d421444b1531b641bba5857f5dc011974d8a5c635d61cec49e6bd3b7fc20e01f0fafc4efbf2
  languageName: node
  linkType: hard

"resolve@npm:^1.1.7":
  version: 1.22.12
  resolution: "resolve@npm:1.22.12"
  dependencies:
    es-errors: "npm:^1.3.0"
    is-core-module: "npm:^2.16.1"
    path-parse: "npm:^1.0.7"
    supports-preserve-symlinks-flag: "npm:^1.0.0"
  bin:
    resolve: bin/resolve
  checksum: 10c0/b16dc9b537c02e8c3388f7d3dcff9741d3071625f9a97ac1c885f2b0ca51e78df22328fb6d6ef214dd9101fb7cfc19aa2836fe3410402a94f3f7b8639c7149bf
  languageName: node
  linkType: hard

"resolve@patch:resolve@npm%3A^1.1.7#optional!builtin<compat/resolve>":
  version: 1.22.12
  resolution: "resolve@patch:resolve@npm%3A1.22.12#optional!builtin<compat/resolve>::version=1.22.12&hash=9bd1a5"
  dependencies:
    es-errors: "npm:^1.3.0"
    is-core-module: "npm:^2.16.1"
    path-parse: "npm:^1.0.7"
    supports-preserve-symlinks-flag: "npm:^1.0.0"
  bin:
    resolve: bin/resolve
  checksum: 10c0/e12af106e16e652bd83060e8afacece4ee3dcbd0f4cf028e3d9ad178e6ced9ecb1c87ee60158b239582313902a717f8adc57a9b76ea54b1994141ba15f420c65
  languageName: node
  linkType: hard

"source-map-js@npm:^1.2.1":
  version: 1.2.1
  resolution: "source-map-js@npm:1.2.1"
  checksum: 10c0/7bda1fc4c197e3c6ff17de1b8b2c20e60af81b63a52cb32ec5a5d67a20a7d42651e2cb34ebe93833c5a2a084377e17455854fee3e21e7925c64a51b6a52b0faf
  languageName: node
  linkType: hard

"supports-preserve-symlinks-flag@npm:^1.0.0":
  version: 1.0.0
  resolution: "supports-preserve-symlinks-flag@npm:1.0.0"
  checksum: 10c0/6c4032340701a9950865f7ae8ef38578d8d7053f5e10518076e6554a9381fa91bd9c6850193695c141f32b21f979c985db07265a758867bac95de05f7d8aeb39
  languageName: node
  linkType: hard

"tinyglobby@npm:^0.2.15, tinyglobby@npm:^0.2.16":
  version: 0.2.17
  resolution: "tinyglobby@npm:0.2.17"
  dependencies:
    fdir: "npm:^6.5.0"
    picomatch: "npm:^4.0.4"
  checksum: 10c0/7f7bb0f197c88bc4b20c231e0deca4240ca3bf313a88f5a7fee93a872b84966a4d50220947c0455ad07a60b3b360961c5b7fd979222aeb716a9f99b412002e4c
  languageName: node
  linkType: hard

"yaml@npm:^2.9.0":
  version: 2.9.0
  resolution: "yaml@npm:2.9.0"
  bin:
    yaml: bin.mjs
  checksum: 10c0/f340718df45e97a9551b9bf9dac61c80050bc464513b710debfb5067c380c8472e3b67809cffacb4ab5ffb5e66ef9310816c88b05f371cec60abfedd8c88e0a2
  languageName: node
  linkType: hard
